PODS:
  - Alamofire (4.7.2)
  - NVActivityIndicatorView (4.2.0):
    - NVActivityIndicatorView/Presenter (= 4.2.0)
  - NVActivityIndicatorView/Presenter (4.2.0)
  - ObjectMapper (3.1.0)
  - Realm (3.3.2):
    - Realm/Headers (= 3.3.2)
  - Realm/Headers (3.3.2)
  - RealmSwift (3.3.2):
    - Realm (= 3.3.2)
  - SwipeCellKit (2.2.0)
  - Toast-Swift (3.0.1)

DEPENDENCIES:
  - Alamofire
  - NVActivityIndicatorView
  - ObjectMapper
  - RealmSwift
  - SwipeCellKit
  - Toast-Swift (~> 3.0.1)

SPEC REPOS:
  https://github.com/CocoaPods/Specs.git:
    - Alamofire
    - NVActivityIndicatorView
    - ObjectMapper
    - Realm
    - RealmSwift
    - SwipeCellKit
    - Toast-Swift

SPEC CHECKSUMS:
  Alamofire: e4fa87002c137ba2d8d634d2c51fabcda0d5c223
  NVActivityIndicatorView: 75c9634073e03b31d7e2748cd2417feab1206195
  ObjectMapper: 20505058f54e5c3ca69e1d6de9897d152a5369a6
  Realm: d927fbf66df5532cfafc08afb5f7e53ded37b894
  RealmSwift: 4e903a494e05d866581d69ad6f7e7b879d446baf
  SwipeCellKit: 8ae09401e1137566b187980d824310129233c959
  Toast-Swift: ba0b01b095aada709d915f9beb1d38184a2721c3

PODFILE CHECKSUM: 7f78596c26a65270a16c8200a37c1cab2af6458a

COCOAPODS: 1.5.0
