// !$*UTF8*$!
{
	archiveVersion = 1;
	classes = {
	};
	objectVersion = 50;
	objects = {

/* Begin PBXBuildFile section */
		C616E8E420D4CA8F00508347 /* Tools.swift in Sources */ = {isa = PBXBuildFile; fileRef = C616E8E320D4CA8F00508347 /* Tools.swift */; };
		C616E8E620D4CC3500508347 /* HackerNews.swift in Sources */ = {isa = PBXBuildFile; fileRef = C616E8E520D4CC3500508347 /* HackerNews.swift */; };
		C616E8E820D4D04A00508347 /* ListController.swift in Sources */ = {isa = PBXBuildFile; fileRef = C616E8E720D4D04A00508347 /* ListController.swift */; };
		C616E8EC20D4D09B00508347 /* NewsCell.swift in Sources */ = {isa = PBXBuildFile; fileRef = C616E8EA20D4D09B00508347 /* NewsCell.swift */; };
		C616E8ED20D4D09B00508347 /* NewsCell.xib in Resources */ = {isa = PBXBuildFile; fileRef = C616E8EB20D4D09B00508347 /* NewsCell.xib */; };
		C616E8EF20D4D3C800508347 /* NewsDetailController.swift in Sources */ = {isa = PBXBuildFile; fileRef = C616E8EE20D4D3C800508347 /* NewsDetailController.swift */; };
		C616E8F120D4D9E700508347 /* News.swift in Sources */ = {isa = PBXBuildFile; fileRef = C616E8F020D4D9E700508347 /* News.swift */; };
		C616E8F320D4E09700508347 /* Reachability.swift in Sources */ = {isa = PBXBuildFile; fileRef = C616E8F220D4E09700508347 /* Reachability.swift */; };
		C6925EAB20D4C22A007C16C9 /* AppDelegate.swift in Sources */ = {isa = PBXBuildFile; fileRef = C6925EAA20D4C22A007C16C9 /* AppDelegate.swift */; };
		C6925EAD20D4C22A007C16C9 /* ViewController.swift in Sources */ = {isa = PBXBuildFile; fileRef = C6925EAC20D4C22A007C16C9 /* ViewController.swift */; };
		C6925EB020D4C22A007C16C9 /* Main.storyboard in Resources */ = {isa = PBXBuildFile; fileRef = C6925EAE20D4C22A007C16C9 /* Main.storyboard */; };
		C6925EB220D4C22D007C16C9 /* Assets.xcassets in Resources */ = {isa = PBXBuildFile; fileRef = C6925EB120D4C22D007C16C9 /* Assets.xcassets */; };
		C6925EB520D4C22D007C16C9 /* LaunchScreen.storyboard in Resources */ = {isa = PBXBuildFile; fileRef = C6925EB320D4C22D007C16C9 /* LaunchScreen.storyboard */; };
		C6925EC020D4C22D007C16C9 /* HackerNewsTests.swift in Sources */ = {isa = PBXBuildFile; fileRef = C6925EBF20D4C22D007C16C9 /* HackerNewsTests.swift */; };
		C6925ECB20D4C22D007C16C9 /* HackerNewsUITests.swift in Sources */ = {isa = PBXBuildFile; fileRef = C6925ECA20D4C22D007C16C9 /* HackerNewsUITests.swift */; };
		F5B35528C81DA976CD7BFF82 /* Pods_HackerNews.framework in Frameworks */ = {isa = PBXBuildFile; fileRef = F89AD48E48EB8830DA373A24 /* Pods_HackerNews.framework */; };
/* End PBXBuildFile section */

/* Begin PBXContainerItemProxy section */
		C6925EBC20D4C22D007C16C9 /* PBXContainerItemProxy */ = {
			isa = PBXContainerItemProxy;
			containerPortal = C6925E9F20D4C22A007C16C9 /* Project object */;
			proxyType = 1;
			remoteGlobalIDString = C6925EA620D4C22A007C16C9;
			remoteInfo = HackerNews;
		};
		C6925EC720D4C22D007C16C9 /* PBXContainerItemProxy */ = {
			isa = PBXContainerItemProxy;
			containerPortal = C6925E9F20D4C22A007C16C9 /* Project object */;
			proxyType = 1;
			remoteGlobalIDString = C6925EA620D4C22A007C16C9;
			remoteInfo = HackerNews;
		};
/* End PBXContainerItemProxy section */

/* Begin PBXFileReference section */
		3F2C9FD2D7667A92263D992D /* Pods_HackerNewsUITests.framework */ = {isa = PBXFileReference; explicitFileType = wrapper.framework; includeInIndex = 0; path = Pods_HackerNewsUITests.framework; sourceTree = BUILT_PRODUCTS_DIR; };
		63D6C170F4BD7D61D944939D /* Pods-HackerNews.debug.xcconfig */ = {isa = PBXFileReference; includeInIndex = 1; lastKnownFileType = text.xcconfig; name = "Pods-HackerNews.debug.xcconfig"; path = "Pods/Target Support Files/Pods-HackerNews/Pods-HackerNews.debug.xcconfig"; sourceTree = "<group>"; };
		710BE12929CBDE9F1F81B5D1 /* Pods_HackerNewsTests.framework */ = {isa = PBXFileReference; explicitFileType = wrapper.framework; includeInIndex = 0; path = Pods_HackerNewsTests.framework; sourceTree = BUILT_PRODUCTS_DIR; };
		7BE6E9049D9C0B20CB3C86A8 /* Pods-HackerNews.release.xcconfig */ = {isa = PBXFileReference; includeInIndex = 1; lastKnownFileType = text.xcconfig; name = "Pods-HackerNews.release.xcconfig"; path = "Pods/Target Support Files/Pods-HackerNews/Pods-HackerNews.release.xcconfig"; sourceTree = "<group>"; };
		C616E8E320D4CA8F00508347 /* Tools.swift */ = {isa = PBXFileReference; lastKnownFileType = sourcecode.swift; path = Tools.swift; sourceTree = "<group>"; };
		C616E8E520D4CC3500508347 /* HackerNews.swift */ = {isa = PBXFileReference; lastKnownFileType = sourcecode.swift; path = HackerNews.swift; sourceTree = "<group>"; };
		C616E8E720D4D04A00508347 /* ListController.swift */ = {isa = PBXFileReference; lastKnownFileType = sourcecode.swift; path = ListController.swift; sourceTree = "<group>"; };
		C616E8EA20D4D09B00508347 /* NewsCell.swift */ = {isa = PBXFileReference; lastKnownFileType = sourcecode.swift; path = NewsCell.swift; sourceTree = "<group>"; };
		C616E8EB20D4D09B00508347 /* NewsCell.xib */ = {isa = PBXFileReference; lastKnownFileType = file.xib; path = NewsCell.xib; sourceTree = "<group>"; };
		C616E8EE20D4D3C800508347 /* NewsDetailController.swift */ = {isa = PBXFileReference; lastKnownFileType = sourcecode.swift; path = NewsDetailController.swift; sourceTree = "<group>"; };
		C616E8F020D4D9E700508347 /* News.swift */ = {isa = PBXFileReference; lastKnownFileType = sourcecode.swift; path = News.swift; sourceTree = "<group>"; };
		C616E8F220D4E09700508347 /* Reachability.swift */ = {isa = PBXFileReference; lastKnownFileType = sourcecode.swift; path = Reachability.swift; sourceTree = "<group>"; };
		C6925EA720D4C22A007C16C9 /* HackerNews.app */ = {isa = PBXFileReference; explicitFileType = wrapper.application; includeInIndex = 0; path = HackerNews.app; sourceTree = BUILT_PRODUCTS_DIR; };
		C6925EAA20D4C22A007C16C9 /* AppDelegate.swift */ = {isa = PBXFileReference; lastKnownFileType = sourcecode.swift; path = AppDelegate.swift; sourceTree = "<group>"; };
		C6925EAC20D4C22A007C16C9 /* ViewController.swift */ = {isa = PBXFileReference; lastKnownFileType = sourcecode.swift; path = ViewController.swift; sourceTree = "<group>"; };
		C6925EAF20D4C22A007C16C9 /* Base */ = {isa = PBXFileReference; lastKnownFileType = file.storyboard; name = Base; path = Base.lproj/Main.storyboard; sourceTree = "<group>"; };
		C6925EB120D4C22D007C16C9 /* Assets.xcassets */ = {isa = PBXFileReference; lastKnownFileType = folder.assetcatalog; path = Assets.xcassets; sourceTree = "<group>"; };
		C6925EB420D4C22D007C16C9 /* Base */ = {isa = PBXFileReference; lastKnownFileType = file.storyboard; name = Base; path = Base.lproj/LaunchScreen.storyboard; sourceTree = "<group>"; };
		C6925EB620D4C22D007C16C9 /* Info.plist */ = {isa = PBXFileReference; lastKnownFileType = text.plist.xml; path = Info.plist; sourceTree = "<group>"; };
		C6925EBB20D4C22D007C16C9 /* HackerNewsTests.xctest */ = {isa = PBXFileReference; explicitFileType = wrapper.cfbundle; includeInIndex = 0; path = HackerNewsTests.xctest; sourceTree = BUILT_PRODUCTS_DIR; };
		C6925EBF20D4C22D007C16C9 /* HackerNewsTests.swift */ = {isa = PBXFileReference; lastKnownFileType = sourcecode.swift; path = HackerNewsTests.swift; sourceTree = "<group>"; };
		C6925EC120D4C22D007C16C9 /* Info.plist */ = {isa = PBXFileReference; lastKnownFileType = text.plist.xml; path = Info.plist; sourceTree = "<group>"; };
		C6925EC620D4C22D007C16C9 /* HackerNewsUITests.xctest */ = {isa = PBXFileReference; explicitFileType = wrapper.cfbundle; includeInIndex = 0; path = HackerNewsUITests.xctest; sourceTree = BUILT_PRODUCTS_DIR; };
		C6925ECA20D4C22D007C16C9 /* HackerNewsUITests.swift */ = {isa = PBXFileReference; lastKnownFileType = sourcecode.swift; path = HackerNewsUITests.swift; sourceTree = "<group>"; };
		C6925ECC20D4C22D007C16C9 /* Info.plist */ = {isa = PBXFileReference; lastKnownFileType = text.plist.xml; path = Info.plist; sourceTree = "<group>"; };
		F89AD48E48EB8830DA373A24 /* Pods_HackerNews.framework */ = {isa = PBXFileReference; explicitFileType = wrapper.framework; includeInIndex = 0; path = Pods_HackerNews.framework; sourceTree = BUILT_PRODUCTS_DIR; };
/* End PBXFileReference section */

/* Begin PBXFrameworksBuildPhase section */
		C6925EA420D4C22A007C16C9 /* Frameworks */ = {
			isa = PBXFrameworksBuildPhase;
			buildActionMask = 2147483647;
			files = (
				F5B35528C81DA976CD7BFF82 /* Pods_HackerNews.framework in Frameworks */,
			);
			runOnlyForDeploymentPostprocessing = 0;
		};
		C6925EB820D4C22D007C16C9 /* Frameworks */ = {
			isa = PBXFrameworksBuildPhase;
			buildActionMask = 2147483647;
			files = (
			);
			runOnlyForDeploymentPostprocessing = 0;
		};
		C6925EC320D4C22D007C16C9 /* Frameworks */ = {
			isa = PBXFrameworksBuildPhase;
			buildActionMask = 2147483647;
			files = (
			);
			runOnlyForDeploymentPostprocessing = 0;
		};
/* End PBXFrameworksBuildPhase section */

/* Begin PBXGroup section */
		4E950F81E22082D9FD133D11 /* Pods */ = {
			isa = PBXGroup;
			children = (
				63D6C170F4BD7D61D944939D /* Pods-HackerNews.debug.xcconfig */,
				7BE6E9049D9C0B20CB3C86A8 /* Pods-HackerNews.release.xcconfig */,
			);
			name = Pods;
			sourceTree = "<group>";
		};
		91F9934D2D9428B00365F593 /* Frameworks */ = {
			isa = PBXGroup;
			children = (
				F89AD48E48EB8830DA373A24 /* Pods_HackerNews.framework */,
				710BE12929CBDE9F1F81B5D1 /* Pods_HackerNewsTests.framework */,
				3F2C9FD2D7667A92263D992D /* Pods_HackerNewsUITests.framework */,
			);
			name = Frameworks;
			sourceTree = "<group>";
		};
		C616E8DE20D4C4E600508347 /* Models */ = {
			isa = PBXGroup;
			children = (
				C616E8F020D4D9E700508347 /* News.swift */,
			);
			path = Models;
			sourceTree = "<group>";
		};
		C616E8E020D4C4F400508347 /* Views */ = {
			isa = PBXGroup;
			children = (
				C616E8E920D4D06D00508347 /* Cells */,
			);
			path = Views;
			sourceTree = "<group>";
		};
		C616E8E120D4C4FD00508347 /* Controllers */ = {
			isa = PBXGroup;
			children = (
				C616E8E720D4D04A00508347 /* ListController.swift */,
				C616E8EE20D4D3C800508347 /* NewsDetailController.swift */,
			);
			path = Controllers;
			sourceTree = "<group>";
		};
		C616E8E220D4C50400508347 /* Helpers */ = {
			isa = PBXGroup;
			children = (
				C616E8E320D4CA8F00508347 /* Tools.swift */,
				C616E8E520D4CC3500508347 /* HackerNews.swift */,
				C616E8F220D4E09700508347 /* Reachability.swift */,
			);
			path = Helpers;
			sourceTree = "<group>";
		};
		C616E8E920D4D06D00508347 /* Cells */ = {
			isa = PBXGroup;
			children = (
				C616E8EA20D4D09B00508347 /* NewsCell.swift */,
				C616E8EB20D4D09B00508347 /* NewsCell.xib */,
			);
			path = Cells;
			sourceTree = "<group>";
		};
		C6925E9E20D4C22A007C16C9 = {
			isa = PBXGroup;
			children = (
				C6925EA920D4C22A007C16C9 /* HackerNews */,
				C6925EBE20D4C22D007C16C9 /* HackerNewsTests */,
				C6925EC920D4C22D007C16C9 /* HackerNewsUITests */,
				C6925EA820D4C22A007C16C9 /* Products */,
				4E950F81E22082D9FD133D11 /* Pods */,
				91F9934D2D9428B00365F593 /* Frameworks */,
			);
			sourceTree = "<group>";
		};
		C6925EA820D4C22A007C16C9 /* Products */ = {
			isa = PBXGroup;
			children = (
				C6925EA720D4C22A007C16C9 /* HackerNews.app */,
				C6925EBB20D4C22D007C16C9 /* HackerNewsTests.xctest */,
				C6925EC620D4C22D007C16C9 /* HackerNewsUITests.xctest */,
			);
			name = Products;
			sourceTree = "<group>";
		};
		C6925EA920D4C22A007C16C9 /* HackerNews */ = {
			isa = PBXGroup;
			children = (
				C616E8E220D4C50400508347 /* Helpers */,
				C616E8E120D4C4FD00508347 /* Controllers */,
				C616E8E020D4C4F400508347 /* Views */,
				C616E8DE20D4C4E600508347 /* Models */,
				C6925EAA20D4C22A007C16C9 /* AppDelegate.swift */,
				C6925EAC20D4C22A007C16C9 /* ViewController.swift */,
				C6925EAE20D4C22A007C16C9 /* Main.storyboard */,
				C6925EB120D4C22D007C16C9 /* Assets.xcassets */,
				C6925EB320D4C22D007C16C9 /* LaunchScreen.storyboard */,
				C6925EB620D4C22D007C16C9 /* Info.plist */,
			);
			path = HackerNews;
			sourceTree = "<group>";
		};
		C6925EBE20D4C22D007C16C9 /* HackerNewsTests */ = {
			isa = PBXGroup;
			children = (
				C6925EBF20D4C22D007C16C9 /* HackerNewsTests.swift */,
				C6925EC120D4C22D007C16C9 /* Info.plist */,
			);
			path = HackerNewsTests;
			sourceTree = "<group>";
		};
		C6925EC920D4C22D007C16C9 /* HackerNewsUITests */ = {
			isa = PBXGroup;
			children = (
				C6925ECA20D4C22D007C16C9 /* HackerNewsUITests.swift */,
				C6925ECC20D4C22D007C16C9 /* Info.plist */,
			);
			path = HackerNewsUITests;
			sourceTree = "<group>";
		};
/* End PBXGroup section */

/* Begin PBXNativeTarget section */
		C6925EA620D4C22A007C16C9 /* HackerNews */ = {
			isa = PBXNativeTarget;
			buildConfigurationList = C6925ECF20D4C22D007C16C9 /* Build configuration list for PBXNativeTarget "HackerNews" */;
			buildPhases = (
				894751ED3632FC09D65F81C1 /* [CP] Check Pods Manifest.lock */,
				C6925EA320D4C22A007C16C9 /* Sources */,
				C6925EA420D4C22A007C16C9 /* Frameworks */,
				C6925EA520D4C22A007C16C9 /* Resources */,
				6474ECAD1746E1354D6C39F0 /* [CP] Embed Pods Frameworks */,
			);
			buildRules = (
			);
			dependencies = (
			);
			name = HackerNews;
			productName = HackerNews;
			productReference = C6925EA720D4C22A007C16C9 /* HackerNews.app */;
			productType = "com.apple.product-type.application";
		};
		C6925EBA20D4C22D007C16C9 /* HackerNewsTests */ = {
			isa = PBXNativeTarget;
			buildConfigurationList = C6925ED220D4C22D007C16C9 /* Build configuration list for PBXNativeTarget "HackerNewsTests" */;
			buildPhases = (
				C6925EB720D4C22D007C16C9 /* Sources */,
				C6925EB820D4C22D007C16C9 /* Frameworks */,
				C6925EB920D4C22D007C16C9 /* Resources */,
			);
			buildRules = (
			);
			dependencies = (
				C6925EBD20D4C22D007C16C9 /* PBXTargetDependency */,
			);
			name = HackerNewsTests;
			productName = HackerNewsTests;
			productReference = C6925EBB20D4C22D007C16C9 /* HackerNewsTests.xctest */;
			productType = "com.apple.product-type.bundle.unit-test";
		};
		C6925EC520D4C22D007C16C9 /* HackerNewsUITests */ = {
			isa = PBXNativeTarget;
			buildConfigurationList = C6925ED520D4C22D007C16C9 /* Build configuration list for PBXNativeTarget "HackerNewsUITests" */;
			buildPhases = (
				C6925EC220D4C22D007C16C9 /* Sources */,
				C6925EC320D4C22D007C16C9 /* Frameworks */,
				C6925EC420D4C22D007C16C9 /* Resources */,
			);
			buildRules = (
			);
			dependencies = (
				C6925EC820D4C22D007C16C9 /* PBXTargetDependency */,
			);
			name = HackerNewsUITests;
			productName = HackerNewsUITests;
			productReference = C6925EC620D4C22D007C16C9 /* HackerNewsUITests.xctest */;
			productType = "com.apple.product-type.bundle.ui-testing";
		};
/* End PBXNativeTarget section */

/* Begin PBXProject section */
		C6925E9F20D4C22A007C16C9 /* Project object */ = {
			isa = PBXProject;
			attributes = {
				LastSwiftUpdateCheck = 0930;
				LastUpgradeCheck = 0930;
				ORGANIZATIONNAME = juanLedesma;
				TargetAttributes = {
					C6925EA620D4C22A007C16C9 = {
						CreatedOnToolsVersion = 9.3;
					};
					C6925EBA20D4C22D007C16C9 = {
						CreatedOnToolsVersion = 9.3;
						TestTargetID = C6925EA620D4C22A007C16C9;
					};
					C6925EC520D4C22D007C16C9 = {
						CreatedOnToolsVersion = 9.3;
						TestTargetID = C6925EA620D4C22A007C16C9;
					};
				};
			};
			buildConfigurationList = C6925EA220D4C22A007C16C9 /* Build configuration list for PBXProject "HackerNews" */;
			compatibilityVersion = "Xcode 9.3";
			developmentRegion = en;
			hasScannedForEncodings = 0;
			knownRegions = (
				en,
				Base,
			);
			mainGroup = C6925E9E20D4C22A007C16C9;
			productRefGroup = C6925EA820D4C22A007C16C9 /* Products */;
			projectDirPath = "";
			projectRoot = "";
			targets = (
				C6925EA620D4C22A007C16C9 /* HackerNews */,
				C6925EBA20D4C22D007C16C9 /* HackerNewsTests */,
				C6925EC520D4C22D007C16C9 /* HackerNewsUITests */,
			);
		};
/* End PBXProject section */

/* Begin PBXResourcesBuildPhase section */
		C6925EA520D4C22A007C16C9 /* Resources */ = {
			isa = PBXResourcesBuildPhase;
			buildActionMask = 2147483647;
			files = (
				C6925EB520D4C22D007C16C9 /* LaunchScreen.storyboard in Resources */,
				C6925EB220D4C22D007C16C9 /* Assets.xcassets in Resources */,
				C616E8ED20D4D09B00508347 /* NewsCell.xib in Resources */,
				C6925EB020D4C22A007C16C9 /* Main.storyboard in Resources */,
			);
			runOnlyForDeploymentPostprocessing = 0;
		};
		C6925EB920D4C22D007C16C9 /* Resources */ = {
			isa = PBXResourcesBuildPhase;
			buildActionMask = 2147483647;
			files = (
			);
			runOnlyForDeploymentPostprocessing = 0;
		};
		C6925EC420D4C22D007C16C9 /* Resources */ = {
			isa = PBXResourcesBuildPhase;
			buildActionMask = 2147483647;
			files = (
			);
			runOnlyForDeploymentPostprocessing = 0;
		};
/* End PBXResourcesBuildPhase section */

/* Begin PBXShellScriptBuildPhase section */
		6474ECAD1746E1354D6C39F0 /* [CP] Embed Pods Frameworks */ = {
			isa = PBXShellScriptBuildPhase;
			buildActionMask = 2147483647;
			files = (
			);
			inputPaths = (
				"${SRCROOT}/Pods/Target Support Files/Pods-HackerNews/Pods-HackerNews-frameworks.sh",
				"${BUILT_PRODUCTS_DIR}/Alamofire/Alamofire.framework",
				"${BUILT_PRODUCTS_DIR}/NVActivityIndicatorView/NVActivityIndicatorView.framework",
				"${BUILT_PRODUCTS_DIR}/ObjectMapper/ObjectMapper.framework",
				"${BUILT_PRODUCTS_DIR}/Realm/Realm.framework",
				"${BUILT_PRODUCTS_DIR}/RealmSwift/RealmSwift.framework",
				"${BUILT_PRODUCTS_DIR}/SwipeCellKit/SwipeCellKit.framework",
				"${BUILT_PRODUCTS_DIR}/Toast-Swift/Toast_Swift.framework",
			);
			name = "[CP] Embed Pods Frameworks";
			outputPaths = (
				"${TARGET_BUILD_DIR}/${FRAMEWORKS_FOLDER_PATH}/Alamofire.framework",
				"${TARGET_BUILD_DIR}/${FRAMEWORKS_FOLDER_PATH}/NVActivityIndicatorView.framework",
				"${TARGET_BUILD_DIR}/${FRAMEWORKS_FOLDER_PATH}/ObjectMapper.framework",
				"${TARGET_BUILD_DIR}/${FRAMEWORKS_FOLDER_PATH}/Realm.framework",
				"${TARGET_BUILD_DIR}/${FRAMEWORKS_FOLDER_PATH}/RealmSwift.framework",
				"${TARGET_BUILD_DIR}/${FRAMEWORKS_FOLDER_PATH}/SwipeCellKit.framework",
				"${TARGET_BUILD_DIR}/${FRAMEWORKS_FOLDER_PATH}/Toast_Swift.framework",
			);
			runOnlyForDeploymentPostprocessing = 0;
			shellPath = /bin/sh;
			shellScript = "\"${SRCROOT}/Pods/Target Support Files/Pods-HackerNews/Pods-HackerNews-frameworks.sh\"\n";
			showEnvVarsInLog = 0;
		};
		894751ED3632FC09D65F81C1 /* [CP] Check Pods Manifest.lock */ = {
			isa = PBXShellScriptBuildPhase;
			buildActionMask = 2147483647;
			files = (
			);
			inputPaths = (
				"${PODS_PODFILE_DIR_PATH}/Podfile.lock",
				"${PODS_ROOT}/Manifest.lock",
			);
			name = "[CP] Check Pods Manifest.lock";
			outputPaths = (
				"$(DERIVED_FILE_DIR)/Pods-HackerNews-checkManifestLockResult.txt",
			);
			runOnlyForDeploymentPostprocessing = 0;
			shellPath = /bin/sh;
			shellScript = "diff \"${PODS_PODFILE_DIR_PATH}/Podfile.lock\" \"${PODS_ROOT}/Manifest.lock\" > /dev/null\nif [ $? != 0 ] ; then\n    # print error to STDERR\n    echo \"error: The sandbox is not in sync with the Podfile.lock. Run 'pod install' or update your CocoaPods installation.\" >&2\n    exit 1\nfi\n# This output is used by Xcode 'outputs' to avoid re-running this script phase.\necho \"SUCCESS\" > \"${SCRIPT_OUTPUT_FILE_0}\"\n";
			showEnvVarsInLog = 0;
		};
/* End PBXShellScriptBuildPhase section */

/* Begin PBXSourcesBuildPhase section */
		C6925EA320D4C22A007C16C9 /* Sources */ = {
			isa = PBXSourcesBuildPhase;
			buildActionMask = 2147483647;
			files = (
				C616E8E420D4CA8F00508347 /* Tools.swift in Sources */,
				C616E8E820D4D04A00508347 /* ListController.swift in Sources */,
				C616E8F120D4D9E700508347 /* News.swift in Sources */,
				C6925EAD20D4C22A007C16C9 /* ViewController.swift in Sources */,
				C616E8E620D4CC3500508347 /* HackerNews.swift in Sources */,
				C616E8F320D4E09700508347 /* Reachability.swift in Sources */,
				C616E8EF20D4D3C800508347 /* NewsDetailController.swift in Sources */,
				C616E8EC20D4D09B00508347 /* NewsCell.swift in Sources */,
				C6925EAB20D4C22A007C16C9 /* AppDelegate.swift in Sources */,
			);
			runOnlyForDeploymentPostprocessing = 0;
		};
		C6925EB720D4C22D007C16C9 /* Sources */ = {
			isa = PBXSourcesBuildPhase;
			buildActionMask = 2147483647;
			files = (
				C6925EC020D4C22D007C16C9 /* HackerNewsTests.swift in Sources */,
			);
			runOnlyForDeploymentPostprocessing = 0;
		};
		C6925EC220D4C22D007C16C9 /* Sources */ = {
			isa = PBXSourcesBuildPhase;
			buildActionMask = 2147483647;
			files = (
				C6925ECB20D4C22D007C16C9 /* HackerNewsUITests.swift in Sources */,
			);
			runOnlyForDeploymentPostprocessing = 0;
		};
/* End PBXSourcesBuildPhase section */

/* Begin PBXTargetDependency section */
		C6925EBD20D4C22D007C16C9 /* PBXTargetDependency */ = {
			isa = PBXTargetDependency;
			target = C6925EA620D4C22A007C16C9 /* HackerNews */;
			targetProxy = C6925EBC20D4C22D007C16C9 /* PBXContainerItemProxy */;
		};
		C6925EC820D4C22D007C16C9 /* PBXTargetDependency */ = {
			isa = PBXTargetDependency;
			target = C6925EA620D4C22A007C16C9 /* HackerNews */;
			targetProxy = C6925EC720D4C22D007C16C9 /* PBXContainerItemProxy */;
		};
/* End PBXTargetDependency section */

/* Begin PBXVariantGroup section */
		C6925EAE20D4C22A007C16C9 /* Main.storyboard */ = {
			isa = PBXVariantGroup;
			children = (
				C6925EAF20D4C22A007C16C9 /* Base */,
			);
			name = Main.storyboard;
			sourceTree = "<group>";
		};
		C6925EB320D4C22D007C16C9 /* LaunchScreen.storyboard */ = {
			isa = PBXVariantGroup;
			children = (
				C6925EB420D4C22D007C16C9 /* Base */,
			);
			name = LaunchScreen.storyboard;
			sourceTree = "<group>";
		};
/* End PBXVariantGroup section */

/* Begin XCBuildConfiguration section */
		C6925ECD20D4C22D007C16C9 /* Debug */ = {
			isa = XCBuildConfiguration;
			buildSettings = {
				ALWAYS_SEARCH_USER_PATHS = NO;
				CLANG_ANALYZER_NONNULL = YES;
				CLANG_ANALYZER_NUMBER_OBJECT_CONVERSION = YES_AGGRESSIVE;
				CLANG_CXX_LANGUAGE_STANDARD = "gnu++14";
				CLANG_CXX_LIBRARY = "libc++";
				CLANG_ENABLE_MODULES = YES;
				CLANG_ENABLE_OBJC_ARC = YES;
				CLANG_ENABLE_OBJC_WEAK = YES;
				CLANG_WARN_BLOCK_CAPTURE_AUTORELEASING = YES;
				CLANG_WARN_BOOL_CONVERSION = YES;
				CLANG_WARN_COMMA = YES;
				CLANG_WARN_CONSTANT_CONVERSION = YES;
				CLANG_WARN_DEPRECATED_OBJC_IMPLEMENTATIONS = YES;
				CLANG_WARN_DIRECT_OBJC_ISA_USAGE = YES_ERROR;
				CLANG_WARN_DOCUMENTATION_COMMENTS = YES;
				CLANG_WARN_EMPTY_BODY = YES;
				CLANG_WARN_ENUM_CONVERSION = YES;
				CLANG_WARN_INFINITE_RECURSION = YES;
				CLANG_WARN_INT_CONVERSION = YES;
				CLANG_WARN_NON_LITERAL_NULL_CONVERSION = YES;
				CLANG_WARN_OBJC_IMPLICIT_RETAIN_SELF = YES;
				CLANG_WARN_OBJC_LITERAL_CONVERSION = YES;
				CLANG_WARN_OBJC_ROOT_CLASS = YES_ERROR;
				CLANG_WARN_RANGE_LOOP_ANALYSIS = YES;
				CLANG_WARN_STRICT_PROTOTYPES = YES;
				CLANG_WARN_SUSPICIOUS_MOVE = YES;
				CLANG_WARN_UNGUARDED_AVAILABILITY = YES_AGGRESSIVE;
				CLANG_WARN_UNREACHABLE_CODE = YES;
				CLANG_WARN__DUPLICATE_METHOD_MATCH = YES;
				CODE_SIGN_IDENTITY = "iPhone Developer";
				COPY_PHASE_STRIP = NO;
				DEBUG_INFORMATION_FORMAT = dwarf;
				ENABLE_STRICT_OBJC_MSGSEND = YES;
				ENABLE_TESTABILITY = YES;
				GCC_C_LANGUAGE_STANDARD = gnu11;
				GCC_DYNAMIC_NO_PIC = NO;
				GCC_NO_COMMON_BLOCKS = YES;
				GCC_OPTIMIZATION_LEVEL = 0;
				GCC_PREPROCESSOR_DEFINITIONS = (
					"DEBUG=1",
					"$(inherited)",
				);
				GCC_WARN_64_TO_32_BIT_CONVERSION = YES;
				GCC_WARN_ABOUT_RETURN_TYPE = YES_ERROR;
				GCC_WARN_UNDECLARED_SELECTOR = YES;
				GCC_WARN_UNINITIALIZED_AUTOS = YES_AGGRESSIVE;
				GCC_WARN_UNUSED_FUNCTION = YES;
				GCC_WARN_UNUSED_VARIABLE = YES;
				IPHONEOS_DEPLOYMENT_TARGET = 11.3;
				MTL_ENABLE_DEBUG_INFO = YES;
				ONLY_ACTIVE_ARCH = YES;
				SDKROOT = iphoneos;
				SWIFT_ACTIVE_COMPILATION_CONDITIONS = DEBUG;
				SWIFT_OPTIMIZATION_LEVEL = "-Onone";
			};
			name = Debug;
		};
		C6925ECE20D4C22D007C16C9 /* Release */ = {
			isa = XCBuildConfiguration;
			buildSettings = {
				ALWAYS_SEARCH_USER_PATHS = NO;
				CLANG_ANALYZER_NONNULL = YES;
				CLANG_ANALYZER_NUMBER_OBJECT_CONVERSION = YES_AGGRESSIVE;
				CLANG_CXX_LANGUAGE_STANDARD = "gnu++14";
				CLANG_CXX_LIBRARY = "libc++";
				CLANG_ENABLE_MODULES = YES;
				CLANG_ENABLE_OBJC_ARC = YES;
				CLANG_ENABLE_OBJC_WEAK = YES;
				CLANG_WARN_BLOCK_CAPTURE_AUTORELEASING = YES;
				CLANG_WARN_BOOL_CONVERSION = YES;
				CLANG_WARN_COMMA = YES;
				CLANG_WARN_CONSTANT_CONVERSION = YES;
				CLANG_WARN_DEPRECATED_OBJC_IMPLEMENTATIONS = YES;
				CLANG_WARN_DIRECT_OBJC_ISA_USAGE = YES_ERROR;
				CLANG_WARN_DOCUMENTATION_COMMENTS = YES;
				CLANG_WARN_EMPTY_BODY = YES;
				CLANG_WARN_ENUM_CONVERSION = YES;
				CLANG_WARN_INFINITE_RECURSION = YES;
				CLANG_WARN_INT_CONVERSION = YES;
				CLANG_WARN_NON_LITERAL_NULL_CONVERSION = YES;
				CLANG_WARN_OBJC_IMPLICIT_RETAIN_SELF = YES;
				CLANG_WARN_OBJC_LITERAL_CONVERSION = YES;
				CLANG_WARN_OBJC_ROOT_CLASS = YES_ERROR;
				CLANG_WARN_RANGE_LOOP_ANALYSIS = YES;
				CLANG_WARN_STRICT_PROTOTYPES = YES;
				CLANG_WARN_SUSPICIOUS_MOVE = YES;
				CLANG_WARN_UNGUARDED_AVAILABILITY = YES_AGGRESSIVE;
				CLANG_WARN_UNREACHABLE_CODE = YES;
				CLANG_WARN__DUPLICATE_METHOD_MATCH = YES;
				CODE_SIGN_IDENTITY = "iPhone Developer";
				COPY_PHASE_STRIP = NO;
				DEBUG_INFORMATION_FORMAT = "dwarf-with-dsym";
				ENABLE_NS_ASSERTIONS = NO;
				ENABLE_STRICT_OBJC_MSGSEND = YES;
				GCC_C_LANGUAGE_STANDARD = gnu11;
				GCC_NO_COMMON_BLOCKS = YES;
				GCC_WARN_64_TO_32_BIT_CONVERSION = YES;
				GCC_WARN_ABOUT_RETURN_TYPE = YES_ERROR;
				GCC_WARN_UNDECLARED_SELECTOR = YES;
				GCC_WARN_UNINITIALIZED_AUTOS = YES_AGGRESSIVE;
				GCC_WARN_UNUSED_FUNCTION = YES;
				GCC_WARN_UNUSED_VARIABLE = YES;
				IPHONEOS_DEPLOYMENT_TARGET = 11.3;
				MTL_ENABLE_DEBUG_INFO = NO;
				SDKROOT = iphoneos;
				SWIFT_COMPILATION_MODE = wholemodule;
				SWIFT_OPTIMIZATION_LEVEL = "-O";
				VALIDATE_PRODUCT = YES;
			};
			name = Release;
		};
		C6925ED020D4C22D007C16C9 /* Debug */ = {
			isa = XCBuildConfiguration;
			baseConfigurationReference = 63D6C170F4BD7D61D944939D /* Pods-HackerNews.debug.xcconfig */;
			buildSettings = {
				ASSETCATALOG_COMPILER_APPICON_NAME = AppIcon;
				CODE_SIGN_STYLE = Automatic;
				DEVELOPMENT_TEAM = QQK2763276;
				INFOPLIST_FILE = HackerNews/Info.plist;
				IPHONEOS_DEPLOYMENT_TARGET = 9.0;
				LD_RUNPATH_SEARCH_PATHS = (
					"$(inherited)",
					"@executable_path/Frameworks",
				);
				PRODUCT_BUNDLE_IDENTIFIER = juanLedesma.HackerNews;
				PRODUCT_NAME = "$(TARGET_NAME)";
				SWIFT_VERSION = 4.0;
				TARGETED_DEVICE_FAMILY = 1;
			};
			name = Debug;
		};
		C6925ED120D4C22D007C16C9 /* Release */ = {
			isa = XCBuildConfiguration;
			baseConfigurationReference = 7BE6E9049D9C0B20CB3C86A8 /* Pods-HackerNews.release.xcconfig */;
			buildSettings = {
				ASSETCATALOG_COMPILER_APPICON_NAME = AppIcon;
				CODE_SIGN_STYLE = Automatic;
				DEVELOPMENT_TEAM = QQK2763276;
				INFOPLIST_FILE = HackerNews/Info.plist;
				IPHONEOS_DEPLOYMENT_TARGET = 9.0;
				LD_RUNPATH_SEARCH_PATHS = (
					"$(inherited)",
					"@executable_path/Frameworks",
				);
				PRODUCT_BUNDLE_IDENTIFIER = juanLedesma.HackerNews;
				PRODUCT_NAME = "$(TARGET_NAME)";
				SWIFT_VERSION = 4.0;
				TARGETED_DEVICE_FAMILY = 1;
			};
			name = Release;
		};
		C6925ED320D4C22D007C16C9 /* Debug */ = {
			isa = XCBuildConfiguration;
			buildSettings = {
				ALWAYS_EMBED_SWIFT_STANDARD_LIBRARIES = YES;
				BUNDLE_LOADER = "$(TEST_HOST)";
				CODE_SIGN_STYLE = Automatic;
				DEVELOPMENT_TEAM = QQK2763276;
				INFOPLIST_FILE = HackerNewsTests/Info.plist;
				LD_RUNPATH_SEARCH_PATHS = (
					"$(inherited)",
					"@executable_path/Frameworks",
					"@loader_path/Frameworks",
				);
				PRODUCT_BUNDLE_IDENTIFIER = juanLedesma.HackerNewsTests;
				PRODUCT_NAME = "$(TARGET_NAME)";
				SWIFT_VERSION = 4.0;
				TARGETED_DEVICE_FAMILY = "1,2";
				TEST_HOST = "$(BUILT_PRODUCTS_DIR)/HackerNews.app/HackerNews";
			};
			name = Debug;
		};
		C6925ED420D4C22D007C16C9 /* Release */ = {
			isa = XCBuildConfiguration;
			buildSettings = {
				ALWAYS_EMBED_SWIFT_STANDARD_LIBRARIES = YES;
				BUNDLE_LOADER = "$(TEST_HOST)";
				CODE_SIGN_STYLE = Automatic;
				DEVELOPMENT_TEAM = QQK2763276;
				INFOPLIST_FILE = HackerNewsTests/Info.plist;
				LD_RUNPATH_SEARCH_PATHS = (
					"$(inherited)",
					"@executable_path/Frameworks",
					"@loader_path/Frameworks",
				);
				PRODUCT_BUNDLE_IDENTIFIER = juanLedesma.HackerNewsTests;
				PRODUCT_NAME = "$(TARGET_NAME)";
				SWIFT_VERSION = 4.0;
				TARGETED_DEVICE_FAMILY = "1,2";
				TEST_HOST = "$(BUILT_PRODUCTS_DIR)/HackerNews.app/HackerNews";
			};
			name = Release;
		};
		C6925ED620D4C22D007C16C9 /* Debug */ = {
			isa = XCBuildConfiguration;
			buildSettings = {
				ALWAYS_EMBED_SWIFT_STANDARD_LIBRARIES = YES;
				CODE_SIGN_STYLE = Automatic;
				DEVELOPMENT_TEAM = QQK2763276;
				INFOPLIST_FILE = HackerNewsUITests/Info.plist;
				LD_RUNPATH_SEARCH_PATHS = (
					"$(inherited)",
					"@executable_path/Frameworks",
					"@loader_path/Frameworks",
				);
				PRODUCT_BUNDLE_IDENTIFIER = juanLedesma.HackerNewsUITests;
				PRODUCT_NAME = "$(TARGET_NAME)";
				SWIFT_VERSION = 4.0;
				TARGETED_DEVICE_FAMILY = "1,2";
				TEST_TARGET_NAME = HackerNews;
			};
			name = Debug;
		};
		C6925ED720D4C22D007C16C9 /* Release */ = {
			isa = XCBuildConfiguration;
			buildSettings = {
				ALWAYS_EMBED_SWIFT_STANDARD_LIBRARIES = YES;
				CODE_SIGN_STYLE = Automatic;
				DEVELOPMENT_TEAM = QQK2763276;
				INFOPLIST_FILE = HackerNewsUITests/Info.plist;
				LD_RUNPATH_SEARCH_PATHS = (
					"$(inherited)",
					"@executable_path/Frameworks",
					"@loader_path/Frameworks",
				);
				PRODUCT_BUNDLE_IDENTIFIER = juanLedesma.HackerNewsUITests;
				PRODUCT_NAME = "$(TARGET_NAME)";
				SWIFT_VERSION = 4.0;
				TARGETED_DEVICE_FAMILY = "1,2";
				TEST_TARGET_NAME = HackerNews;
			};
			name = Release;
		};
/* End XCBuildConfiguration section */

/* Begin XCConfigurationList section */
		C6925EA220D4C22A007C16C9 /* Build configuration list for PBXProject "HackerNews" */ = {
			isa = XCConfigurationList;
			buildConfigurations = (
				C6925ECD20D4C22D007C16C9 /* Debug */,
				C6925ECE20D4C22D007C16C9 /* Release */,
			);
			defaultConfigurationIsVisible = 0;
			defaultConfigurationName = Release;
		};
		C6925ECF20D4C22D007C16C9 /* Build configuration list for PBXNativeTarget "HackerNews" */ = {
			isa = XCConfigurationList;
			buildConfigurations = (
				C6925ED020D4C22D007C16C9 /* Debug */,
				C6925ED120D4C22D007C16C9 /* Release */,
			);
			defaultConfigurationIsVisible = 0;
			defaultConfigurationName = Release;
		};
		C6925ED220D4C22D007C16C9 /* Build configuration list for PBXNativeTarget "HackerNewsTests" */ = {
			isa = XCConfigurationList;
			buildConfigurations = (
				C6925ED320D4C22D007C16C9 /* Debug */,
				C6925ED420D4C22D007C16C9 /* Release */,
			);
			defaultConfigurationIsVisible = 0;
			defaultConfigurationName = Release;
		};
		C6925ED520D4C22D007C16C9 /* Build configuration list for PBXNativeTarget "HackerNewsUITests" */ = {
			isa = XCConfigurationList;
			buildConfigurations = (
				C6925ED620D4C22D007C16C9 /* Debug */,
				C6925ED720D4C22D007C16C9 /* Release */,
			);
			defaultConfigurationIsVisible = 0;
			defaultConfigurationName = Release;
		};
/* End XCConfigurationList section */
	};
	rootObject = C6925E9F20D4C22A007C16C9 /* Project object */;
}
